{
    "_readme": [
        "This file locks the dependencies of your project to a known state",
        "Read more about it at https://getcomposer.org/doc/01-basic-usage.md#installing-dependencies",
        "This file is @generated automatically"
    ],
    "content-hash": "e87ee29384d49615dde7a952cb02a3fc",
    "packages": [
        {
            "name": "akh/typograf",
            "version": "v0.4.5",
            "source": {
                "type": "git",
                "url": "https://github.com/akhx/typograf.git",
                "reference": "63518e01b9f2ecf4e62d7dfc3c88093fe2cac8a3"
            },
            "dist": {
                "type": "zip",
                "url": "https://api.github.com/repos/akhx/typograf/zipball/63518e01b9f2ecf4e62d7dfc3c88093fe2cac8a3",
                "reference": "63518e01b9f2ecf4e62d7dfc3c88093fe2cac8a3",
                "shasum": ""
            },
            "require": {
                "ext-json": "*",
                "ext-mbstring": "*"
            },
            "require-dev": {
                "phpunit/php-code-coverage": "^9.2",
                "phpunit/phpunit": "^9.0",
                "squizlabs/php_codesniffer": "3.*"
            },
            "type": "library",
            "autoload": {
                "psr-4": {
                    "Akh\\Typograf\\": "src"
                }
            },
            "notification-url": "https://packagist.org/downloads/",
            "license": [
                "MIT"
            ],
            "authors": [
                {
                    "name": "Alexey Khozyaykin",
                    "email": "khozyaykin.alexey@yandex.ru"
                }
            ],
            "description": "Типография текста",
            "keywords": [
                "Typografer",
                "Typografy",
                "php",
                "text",
                "typo",
                "typograf"
            ],
            "support": {
                "issues": "https://github.com/akhx/typograf/issues",
                "source": "https://github.com/akhx/typograf/tree/v0.4.5"
            },
            "time": "2021-09-20T13:45:21+00:00"
        },
        {
            "name": "emuravjev/mdash",
            "version": "0.2.1",
            "source": {
                "type": "git",
                "url": "https://github.com/vitalybaev/mdash-typograph-php.git",
                "reference": "f6aab27bd9ed008b5c214b6f30e90bb468593cab"
            },
            "dist": {
                "type": "zip",
                "url": "https://api.github.com/repos/vitalybaev/mdash-typograph-php/zipball/f6aab27bd9ed008b5c214b6f30e90bb468593cab",
                "reference": "f6aab27bd9ed008b5c214b6f30e90bb468593cab",
                "shasum": ""
            },
            "require-dev": {
                "phpunit/phpunit": "^4.8 || ^5.7"
            },
            "type": "library",
            "autoload": {
                "psr-4": {
                    "Emuravjev\\Mdash\\": "src/"
                }
            },
            "notification-url": "https://packagist.org/downloads/",
            "license": [
                "Public Domain"
            ],
            "authors": [
                {
                    "name": "Vitaly Baev",
                    "email": "dj@vitalybaev.ru"
                }
            ],
            "description": "PHP версия типографа Муравьева",
            "keywords": [
                "russian",
                "typograph",
                "Муравьев",
                "русский",
                "типограф"
            ],
            "support": {
                "issues": "https://github.com/vitalybaev/mdash-typograph-php/issues",
                "source": "https://github.com/vitalybaev/mdash-typograph-php/tree/master"
            },
            "time": "2017-01-13T05:02:06+00:00"
        },
        {
            "name": "izniburak/pdox",
            "version": "v1.6.0",
            "source": {
                "type": "git",
                "url": "https://github.com/izniburak/pdox.git",
                "reference": "7ad73c49734abbfeec9f2b779ffc2d422d3828c7"
            },
            "dist": {
                "type": "zip",
                "url": "https://api.github.com/repos/izniburak/pdox/zipball/7ad73c49734abbfeec9f2b779ffc2d422d3828c7",
                "reference": "7ad73c49734abbfeec9f2b779ffc2d422d3828c7",
                "shasum": ""
            },
            "require": {
                "ext-json": "*",
                "ext-pdo": "*",
                "php": ">=5.5"
            },
            "type": "library",
            "autoload": {
                "psr-4": {
                    "Buki\\": "src"
                }
            },
            "notification-url": "https://packagist.org/downloads/",
            "license": [
                "MIT"
            ],
            "authors": [
                {
                    "name": "İzni Burak Demirtaş",
                    "email": "info@burakdemirtas.org",
                    "homepage": "http://burakdemirtas.org"
                }
            ],
            "description": "Useful Query Builder, PDO Class for PHP. A simple access to your SQL records.",
            "homepage": "https://github.com/izniburak/PDOx",
            "keywords": [
                "builder",
                "pdo",
                "php",
                "query",
                "sql"
            ],
            "support": {
                "issues": "https://github.com/izniburak/pdox/issues",
                "source": "https://github.com/izniburak/pdox/tree/v1.6.0"
            },
            "time": "2021-09-20T20:24:04+00:00"
        },
        {
            "name": "masterminds/html5",
            "version": "2.7.6",
            "source": {
                "type": "git",
                "url": "https://github.com/Masterminds/html5-php.git",
                "reference": "897eb517a343a2281f11bc5556d6548db7d93947"
            },
            "dist": {
                "type": "zip",
                "url": "https://api.github.com/repos/Masterminds/html5-php/zipball/897eb517a343a2281f11bc5556d6548db7d93947",
                "reference": "897eb517a343a2281f11bc5556d6548db7d93947",
                "shasum": ""
            },
            "require": {
                "ext-ctype": "*",
                "ext-dom": "*",
                "ext-libxml": "*",
                "php": ">=5.3.0"
            },
            "require-dev": {
                "phpunit/phpunit": "^4.8.35 || ^5.7.21 || ^6 || ^7"
            },
            "type": "library",
            "extra": {
                "branch-alias": {
                    "dev-master": "2.7-dev"
                }
            },
            "autoload": {
                "psr-4": {
                    "Masterminds\\": "src"
                }
            },
            "notification-url": "https://packagist.org/downloads/",
            "license": [
                "MIT"
            ],
            "authors": [
                {
                    "name": "Matt Butcher",
                    "email": "technosophos@gmail.com"
                },
                {
                    "name": "Matt Farina",
                    "email": "matt@mattfarina.com"
                },
                {
                    "name": "Asmir Mustafic",
                    "email": "goetas@gmail.com"
                }
            ],
            "description": "An HTML5 parser and serializer.",
            "homepage": "http://masterminds.github.io/html5-php",
            "keywords": [
                "HTML5",
                "dom",
                "html",
                "parser",
                "querypath",
                "serializer",
                "xml"
            ],
            "support": {
                "issues": "https://github.com/Masterminds/html5-php/issues",
                "source": "https://github.com/Masterminds/html5-php/tree/2.7.6"
            },
            "time": "2022-08-18T16:18:26+00:00"
        },
        {
            "name": "monolog/monolog",
            "version": "1.0.2",
            "source": {
                "type": "git",
                "url": "https://github.com/Seldaek/monolog.git",
                "reference": "b704c49a3051536f67f2d39f13568f74615b9922"
            },
            "dist": {
                "type": "zip",
                "url": "https://api.github.com/repos/Seldaek/monolog/zipball/b704c49a3051536f67f2d39f13568f74615b9922",
                "reference": "b704c49a3051536f67f2d39f13568f74615b9922",
                "shasum": ""
            },
            "require": {
                "php": ">=5.3.0"
            },
            "type": "library",
            "autoload": {
                "psr-0": {
                    "Monolog": "src/"
                }
            },
            "notification-url": "https://packagist.org/downloads/",
            "license": [
                "MIT"
            ],
            "authors": [
                {
                    "name": "Jordi Boggiano",
                    "email": "j.boggiano@seld.be",
                    "homepage": "http://seld.be",
                    "role": "Developer"
                }
            ],
            "description": "Logging for PHP 5.3",
            "homepage": "http://github.com/Seldaek/monolog",
            "keywords": [
                "log",
                "logging"
            ],
            "support": {
                "issues": "https://github.com/Seldaek/monolog/issues",
                "source": "https://github.com/Seldaek/monolog/tree/1.0.2"
            },
            "time": "2011-10-24T09:39:02+00:00"
        },
        {
            "name": "mundschenk-at/php-typography",
            "version": "v6.6.0",
            "source": {
                "type": "git",
                "url": "https://github.com/mundschenk-at/php-typography.git",
                "reference": "67af39c936751f96a959b9bf211044512675283c"
            },
            "dist": {
                "type": "zip",
                "url": "https://api.github.com/repos/mundschenk-at/php-typography/zipball/67af39c936751f96a959b9bf211044512675283c",
                "reference": "67af39c936751f96a959b9bf211044512675283c",
                "shasum": ""
            },
            "require": {
                "ext-mbstring": "*",
                "ext-pcre": "*",
                "masterminds/html5": "^2.5.0",
                "php": ">=5.6.0"
            },
            "require-dev": {
                "brain/monkey": "^2.2.0",
                "dealerdirect/phpcodesniffer-composer-installer": "^0.6",
                "ext-curl": "*",
                "mundschenk-at/phpunit-cross-version": "dev-master",
                "phpbench/phpbench": "^0.17||^1.0@dev",
                "phpcompatibility/php-compatibility": "^9.0",
                "phpstan/phpstan": "^0.12",
                "phpunit/phpunit": "5.*||6.*||7.*|8.*|9.*",
                "squizlabs/php_codesniffer": "^3",
                "wp-coding-standards/wpcs": "^2.0"
            },
            "bin": [
                "src/bin/update-patterns.php",
                "src/bin/update-iana.php"
            ],
            "type": "library",
            "autoload": {
                "classmap": [
                    "src/"
                ]
            },
            "notification-url": "https://packagist.org/downloads/",
            "license": [
                "GPL-2.0-or-later"
            ],
            "authors": [
                {
                    "name": "Peter Putzer",
                    "email": "github@mundschenk.at",
                    "homepage": "https://code.mundschenk.at",
                    "role": "Developer"
                },
                {
                    "name": "Jeffrey D. King",
                    "email": "jeff.king@weathersource.com",
                    "homepage": "http://kingdesk.com",
                    "role": "Original author"
                }
            ],
            "description": "A PHP library for improving your web typography",
            "support": {
                "issues": "https://github.com/mundschenk-at/php-typography/issues",
                "source": "https://github.com/mundschenk-at/php-typography/tree/v6.6.0"
            },
            "time": "2020-04-05T12:14:12+00:00"
        }
    ],
    "packages-dev": [],
    "aliases": [],
    "minimum-stability": "stable",
    "stability-flags": [],
    "prefer-stable": false,
    "prefer-lowest": false,
    "platform": [],
    "platform-dev": [],
    "plugin-api-version": "2.2.0"
}
